// !$*UTF8*$!
{
	archiveVersion = 1;
	classes = {
	};
	objectVersion = 50;
	objects = {

/* Begin PBXBuildFile section */
		5F577E3620B73698003D65FF /* AppDelegate.swift in Sources */ = {isa = PBXBuildFile; fileRef = 5F577E3520B73698003D65FF /* AppDelegate.swift */; };
		5F577E3820B73698003D65FF /* art.scnassets in Resources */ = {isa = PBXBuildFile; fileRef = 5F577E3720B73698003D65FF /* art.scnassets */; };
		5F577E3A20B73698003D65FF /* ViewController.swift in Sources */ = {isa = PBXBuildFile; fileRef = 5F577E3920B73698003D65FF /* ViewController.swift */; };
		5F577E3D20B73698003D65FF /* Main.storyboard in Resources */ = {isa = PBXBuildFile; fileRef = 5F577E3B20B73698003D65FF /* Main.storyboard */; };
		5F577E3F20B73699003D65FF /* Assets.xcassets in Resources */ = {isa = PBXBuildFile; fileRef = 5F577E3E20B73699003D65FF /* Assets.xcassets */; };
		5F577E4220B73699003D65FF /* LaunchScreen.storyboard in Resources */ = {isa = PBXBuildFile; fileRef = 5F577E4020B73699003D65FF /* LaunchScreen.storyboard */; };
		5F577E4A20B739FC003D65FF /* Global.swift in Sources */ = {isa = PBXBuildFile; fileRef = 5F577E4920B739FC003D65FF /* Global.swift */; };
		5F6F828F20B82CD7000579A7 /* README.md in Resources */ = {isa = PBXBuildFile; fileRef = 5F6F828E20B82CD7000579A7 /* README.md */; };
/* End PBXBuildFile section */

/* Begin PBXFileReference section */
		5F577E3220B73698003D65FF /* ARKit Sample.app */ = {isa = PBXFileReference; explicitFileType = wrapper.application; includeInIndex = 0; path = "ARKit Sample.app"; sourceTree = BUILT_PRODUCTS_DIR; };
		5F577E3520B73698003D65FF /* AppDelegate.swift */ = {isa = PBXFileReference; lastKnownFileType = sourcecode.swift; path = AppDelegate.swift; sourceTree = "<group>"; };
		5F577E3720B73698003D65FF /* art.scnassets */ = {isa = PBXFileReference; lastKnownFileType = wrapper.scnassets; path = art.scnassets; sourceTree = "<group>"; };
		5F577E3920B73698003D65FF /* ViewController.swift */ = {isa = PBXFileReference; lastKnownFileType = sourcecode.swift; path = ViewController.swift; sourceTree = "<group>"; };
		5F577E3C20B73698003D65FF /* Base */ = {isa = PBXFileReference; lastKnownFileType = file.storyboard; name = Base; path = Base.lproj/Main.storyboard; sourceTree = "<group>"; };
		5F577E3E20B73699003D65FF /* Assets.xcassets */ = {isa = PBXFileReference; lastKnownFileType = folder.assetcatalog; path = Assets.xcassets; sourceTree = "<group>"; };
		5F577E4120B73699003D65FF /* Base */ = {isa = PBXFileReference; lastKnownFileType = file.storyboard; name = Base; path = Base.lproj/LaunchScreen.storyboard; sourceTree = "<group>"; };
		5F577E4320B73699003D65FF /* Info.plist */ = {isa = PBXFileReference; lastKnownFileType = text.plist.xml; path = Info.plist; sourceTree = "<group>"; };
		5F577E4920B739FC003D65FF /* Global.swift */ = {isa = PBXFileReference; lastKnownFileType = sourcecode.swift; path = Global.swift; sourceTree = "<group>"; };
		5F6F828E20B82CD7000579A7 /* README.md */ = {isa = PBXFileReference; fileEncoding = 4; lastKnownFileType = net.daringfireball.markdown; path = README.md; sourceTree = "<group>"; };
		5F94B45820B82C0200DB0417 /* ARKit Sample copy-Info.plist */ = {isa = PBXFileReference; lastKnownFileType = text.plist.xml; name = "ARKit Sample copy-Info.plist"; path = "/Users/gennaroamura/Desktop/ArKitSample/ARKit Sample/ARKit Sample copy-Info.plist"; sourceTree = "<absolute>"; };
/* End PBXFileReference section */

/* Begin PBXFrameworksBuildPhase section */
		5F577E2F20B73698003D65FF /* Frameworks */ = {
			isa = PBXFrameworksBuildPhase;
			buildActionMask = 2147483647;
			files = (
			);
			runOnlyForDeploymentPostprocessing = 0;
		};
/* End PBXFrameworksBuildPhase section */

/* Begin PBXGroup section */
		5F577E2920B73698003D65FF = {
			isa = PBXGroup;
			children = (
				5F577E3420B73698003D65FF /* ARKit Sample */,
				5F577E3320B73698003D65FF /* Products */,
				5F94B45820B82C0200DB0417 /* ARKit Sample copy-Info.plist */,
				5F6F828E20B82CD7000579A7 /* README.md */,
			);
			sourceTree = "<group>";
		};
		5F577E3320B73698003D65FF /* Products */ = {
			isa = PBXGroup;
			children = (
				5F577E3220B73698003D65FF /* ARKit Sample.app */,
			);
			name = Products;
			sourceTree = "<group>";
		};
		5F577E3420B73698003D65FF /* ARKit Sample */ = {
			isa = PBXGroup;
			children = (
				5F577E3520B73698003D65FF /* AppDelegate.swift */,
				5F577E3720B73698003D65FF /* art.scnassets */,
				5F577E3920B73698003D65FF /* ViewController.swift */,
				5F577E4920B739FC003D65FF /* Global.swift */,
				5F577E3B20B73698003D65FF /* Main.storyboard */,
				5F577E3E20B73699003D65FF /* Assets.xcassets */,
				5F577E4020B73699003D65FF /* LaunchScreen.storyboard */,
				5F577E4320B73699003D65FF /* Info.plist */,
			);
			path = "ARKit Sample";
			sourceTree = "<group>";
		};
/* End PBXGroup section */

/* Begin PBXNativeTarget section */
		5F577E3120B73698003D65FF /* ARKit Sample */ = {
			isa = PBXNativeTarget;
			buildConfigurationList = 5F577E4620B73699003D65FF /* Build configuration list for PBXNativeTarget "ARKit Sample" */;
			buildPhases = (
				5F577E2E20B73698003D65FF /* Sources */,
				5F577E2F20B73698003D65FF /* Frameworks */,
				5F577E3020B73698003D65FF /* Resources */,
			);
			buildRules = (
			);
			dependencies = (
			);
			name = "ARKit Sample";
			productName = "ARKit Sample";
			productReference = 5F577E3220B73698003D65FF /* ARKit Sample.app */;
			productType = "com.apple.product-type.application";
		};
/* End PBXNativeTarget section */

/* Begin PBXProject section */
		5F577E2A20B73698003D65FF /* Project object */ = {
			isa = PBXProject;
			attributes = {
				LastSwiftUpdateCheck = 0930;
				LastUpgradeCheck = 0930;
				ORGANIZATIONNAME = "Gennaro Amura";
				TargetAttributes = {
					5F577E3120B73698003D65FF = {
						CreatedOnToolsVersion = 9.3.1;
					};
				};
			};
			buildConfigurationList = 5F577E2D20B73698003D65FF /* Build configuration list for PBXProject "ARKit Sample" */;
			compatibilityVersion = "Xcode 9.3";
			developmentRegion = en;
			hasScannedForEncodings = 0;
			knownRegions = (
				en,
				Base,
			);
			mainGroup = 5F577E2920B73698003D65FF;
			productRefGroup = 5F577E3320B73698003D65FF /* Products */;
			projectDirPath = "";
			projectRoot = "";
			targets = (
				5F577E3120B73698003D65FF /* ARKit Sample */,
			);
		};
/* End PBXProject section */

/* Begin PBXResourcesBuildPhase section */
		5F577E3020B73698003D65FF /* Resources */ = {
			isa = PBXResourcesBuildPhase;
			buildActionMask = 2147483647;
			files = (
				5F577E3820B73698003D65FF /* art.scnassets in Resources */,
				5F577E4220B73699003D65FF /* LaunchScreen.storyboard in Resources */,
				5F6F828F20B82CD7000579A7 /* README.md in Resources */,
				5F577E3F20B73699003D65FF /* Assets.xcassets in Resources */,
				5F577E3D20B73698003D65FF /* Main.storyboard in Resources */,
			);
			runOnlyForDeploymentPostprocessing = 0;
		};
/* End PBXResourcesBuildPhase section */

/* Begin PBXSourcesBuildPhase section */
		5F577E2E20B73698003D65FF /* Sources */ = {
			isa = PBXSourcesBuildPhase;
			buildActionMask = 2147483647;
			files = (
				5F577E3A20B73698003D65FF /* ViewController.swift in Sources */,
				5F577E3620B73698003D65FF /* AppDelegate.swift in Sources */,
				5F577E4A20B739FC003D65FF /* Global.swift in Sources */,
			);
			runOnlyForDeploymentPostprocessing = 0;
		};
/* End PBXSourcesBuildPhase section */

/* Begin PBXVariantGroup section */
		5F577E3B20B73698003D65FF /* Main.storyboard */ = {
			isa = PBXVariantGroup;
			children = (
				5F577E3C20B73698003D65FF /* Base */,
			);
			name = Main.storyboard;
			sourceTree = "<group>";
		};
		5F577E4020B73699003D65FF /* LaunchScreen.storyboard */ = {
			isa = PBXVariantGroup;
			children = (
				5F577E4120B73699003D65FF /* Base */,
			);
			name = LaunchScreen.storyboard;
			sourceTree = "<group>";
		};
/* End PBXVariantGroup section */

/* Begin XCBuildConfiguration section */
		5F577E4420B73699003D65FF /* Debug */ = {
			isa = XCBuildConfiguration;
			buildSettings = {
				ALWAYS_SEARCH_USER_PATHS = NO;
				CLANG_ANALYZER_NONNULL = YES;
				CLANG_ANALYZER_NUMBER_OBJECT_CONVERSION = YES_AGGRESSIVE;
				CLANG_CXX_LANGUAGE_STANDARD = "gnu++14";
				CLANG_CXX_LIBRARY = "libc++";
				CLANG_ENABLE_MODULES = YES;
				CLANG_ENABLE_OBJC_ARC = YES;
				CLANG_ENABLE_OBJC_WEAK = YES;
				CLANG_WARN_BLOCK_CAPTURE_AUTORELEASING = YES;
				CLANG_WARN_BOOL_CONVERSION = YES;
				CLANG_WARN_COMMA = YES;
				CLANG_WARN_CONSTANT_CONVERSION = YES;
				CLANG_WARN_DEPRECATED_OBJC_IMPLEMENTATIONS = YES;
				CLANG_WARN_DIRECT_OBJC_ISA_USAGE = YES_ERROR;
				CLANG_WARN_DOCUMENTATION_COMMENTS = YES;
				CLANG_WARN_EMPTY_BODY = YES;
				CLANG_WARN_ENUM_CONVERSION = YES;
				CLANG_WARN_INFINITE_RECURSION = YES;
				CLANG_WARN_INT_CONVERSION = YES;
				CLANG_WARN_NON_LITERAL_NULL_CONVERSION = YES;
				CLANG_WARN_OBJC_IMPLICIT_RETAIN_SELF = YES;
				CLANG_WARN_OBJC_LITERAL_CONVERSION = YES;
				CLANG_WARN_OBJC_ROOT_CLASS = YES_ERROR;
				CLANG_WARN_RANGE_LOOP_ANALYSIS = YES;
				CLANG_WARN_STRICT_PROTOTYPES = YES;
				CLANG_WARN_SUSPICIOUS_MOVE = YES;
				CLANG_WARN_UNGUARDED_AVAILABILITY = YES_AGGRESSIVE;
				CLANG_WARN_UNREACHABLE_CODE = YES;
				CLANG_WARN__DUPLICATE_METHOD_MATCH = YES;
				CODE_SIGN_IDENTITY = "iPhone Developer";
				COPY_PHASE_STRIP = NO;
				DEBUG_INFORMATION_FORMAT = dwarf;
				ENABLE_STRICT_OBJC_MSGSEND = YES;
				ENABLE_TESTABILITY = YES;
				GCC_C_LANGUAGE_STANDARD = gnu11;
				GCC_DYNAMIC_NO_PIC = NO;
				GCC_NO_COMMON_BLOCKS = YES;
				GCC_OPTIMIZATION_LEVEL = 0;
				GCC_PREPROCESSOR_DEFINITIONS = (
					"DEBUG=1",
					"$(inherited)",
				);
				GCC_WARN_64_TO_32_BIT_CONVERSION = YES;
				GCC_WARN_ABOUT_RETURN_TYPE = YES_ERROR;
				GCC_WARN_UNDECLARED_SELECTOR = YES;
				GCC_WARN_UNINITIALIZED_AUTOS = YES_AGGRESSIVE;
				GCC_WARN_UNUSED_FUNCTION = YES;
				GCC_WARN_UNUSED_VARIABLE = YES;
				IPHONEOS_DEPLOYMENT_TARGET = 11.3;
				MTL_ENABLE_DEBUG_INFO = YES;
				ONLY_ACTIVE_ARCH = YES;
				SDKROOT = iphoneos;
				SWIFT_ACTIVE_COMPILATION_CONDITIONS = DEBUG;
				SWIFT_OPTIMIZATION_LEVEL = "-Onone";
			};
			name = Debug;
		};
		5F577E4520B73699003D65FF /* Release */ = {
			isa = XCBuildConfiguration;
			buildSettings = {
				ALWAYS_SEARCH_USER_PATHS = NO;
				CLANG_ANALYZER_NONNULL = YES;
				CLANG_ANALYZER_NUMBER_OBJECT_CONVERSION = YES_AGGRESSIVE;
				CLANG_CXX_LANGUAGE_STANDARD = "gnu++14";
				CLANG_CXX_LIBRARY = "libc++";
				CLANG_ENABLE_MODULES = YES;
				CLANG_ENABLE_OBJC_ARC = YES;
				CLANG_ENABLE_OBJC_WEAK = YES;
				CLANG_WARN_BLOCK_CAPTURE_AUTORELEASING = YES;
				CLANG_WARN_BOOL_CONVERSION = YES;
				CLANG_WARN_COMMA = YES;
				CLANG_WARN_CONSTANT_CONVERSION = YES;
				CLANG_WARN_DEPRECATED_OBJC_IMPLEMENTATIONS = YES;
				CLANG_WARN_DIRECT_OBJC_ISA_USAGE = YES_ERROR;
				CLANG_WARN_DOCUMENTATION_COMMENTS = YES;
				CLANG_WARN_EMPTY_BODY = YES;
				CLANG_WARN_ENUM_CONVERSION = YES;
				CLANG_WARN_INFINITE_RECURSION = YES;
				CLANG_WARN_INT_CONVERSION = YES;
				CLANG_WARN_NON_LITERAL_NULL_CONVERSION = YES;
				CLANG_WARN_OBJC_IMPLICIT_RETAIN_SELF = YES;
				CLANG_WARN_OBJC_LITERAL_CONVERSION = YES;
				CLANG_WARN_OBJC_ROOT_CLASS = YES_ERROR;
				CLANG_WARN_RANGE_LOOP_ANALYSIS = YES;
				CLANG_WARN_STRICT_PROTOTYPES = YES;
				CLANG_WARN_SUSPICIOUS_MOVE = YES;
				CLANG_WARN_UNGUARDED_AVAILABILITY = YES_AGGRESSIVE;
				CLANG_WARN_UNREACHABLE_CODE = YES;
				CLANG_WARN__DUPLICATE_METHOD_MATCH = YES;
				CODE_SIGN_IDENTITY = "iPhone Developer";
				COPY_PHASE_STRIP = NO;
				DEBUG_INFORMATION_FORMAT = "dwarf-with-dsym";
				ENABLE_NS_ASSERTIONS = NO;
				ENABLE_STRICT_OBJC_MSGSEND = YES;
				GCC_C_LANGUAGE_STANDARD = gnu11;
				GCC_NO_COMMON_BLOCKS = YES;
				GCC_WARN_64_TO_32_BIT_CONVERSION = YES;
				GCC_WARN_ABOUT_RETURN_TYPE = YES_ERROR;
				GCC_WARN_UNDECLARED_SELECTOR = YES;
				GCC_WARN_UNINITIALIZED_AUTOS = YES_AGGRESSIVE;
				GCC_WARN_UNUSED_FUNCTION = YES;
				GCC_WARN_UNUSED_VARIABLE = YES;
				IPHONEOS_DEPLOYMENT_TARGET = 11.3;
				MTL_ENABLE_DEBUG_INFO = NO;
				SDKROOT = iphoneos;
				SWIFT_COMPILATION_MODE = wholemodule;
				SWIFT_OPTIMIZATION_LEVEL = "-O";
				VALIDATE_PRODUCT = YES;
			};
			name = Release;
		};
		5F577E4720B73699003D65FF /* Debug */ = {
			isa = XCBuildConfiguration;
			buildSettings = {
				ASSETCATALOG_COMPILER_APPICON_NAME = AppIcon;
				CODE_SIGN_STYLE = Automatic;
				DEVELOPMENT_TEAM = BH42K5TN42;
				INFOPLIST_FILE = "ARKit Sample/Info.plist";
				LD_RUNPATH_SEARCH_PATHS = (
					"$(inherited)",
					"@executable_path/Frameworks",
				);
				PRODUCT_BUNDLE_IDENTIFIER = "slade9220.ARKit-Sample";
				PRODUCT_NAME = "$(TARGET_NAME)";
				SWIFT_VERSION = 4.0;
				TARGETED_DEVICE_FAMILY = "1,2";
			};
			name = Debug;
		};
		5F577E4820B73699003D65FF /* Release */ = {
			isa = XCBuildConfiguration;
			buildSettings = {
				ASSETCATALOG_COMPILER_APPICON_NAME = AppIcon;
				CODE_SIGN_STYLE = Automatic;
				DEVELOPMENT_TEAM = BH42K5TN42;
				INFOPLIST_FILE = "ARKit Sample/Info.plist";
				LD_RUNPATH_SEARCH_PATHS = (
					"$(inherited)",
					"@executable_path/Frameworks",
				);
				PRODUCT_BUNDLE_IDENTIFIER = "slade9220.ARKit-Sample";
				PRODUCT_NAME = "$(TARGET_NAME)";
				SWIFT_VERSION = 4.0;
				TARGETED_DEVICE_FAMILY = "1,2";
			};
			name = Release;
		};
/* End XCBuildConfiguration section */

/* Begin XCConfigurationList section */
		5F577E2D20B73698003D65FF /* Build configuration list for PBXProject "ARKit Sample" */ = {
			isa = XCConfigurationList;
			buildConfigurations = (
				5F577E4420B73699003D65FF /* Debug */,
				5F577E4520B73699003D65FF /* Release */,
			);
			defaultConfigurationIsVisible = 0;
			defaultConfigurationName = Release;
		};
		5F577E4620B73699003D65FF /* Build configuration list for PBXNativeTarget "ARKit Sample" */ = {
			isa = XCConfigurationList;
			buildConfigurations = (
				5F577E4720B73699003D65FF /* Debug */,
				5F577E4820B73699003D65FF /* Release */,
			);
			defaultConfigurationIsVisible = 0;
			defaultConfigurationName = Release;
		};
/* End XCConfigurationList section */
	};
	rootObject = 5F577E2A20B73698003D65FF /* Project object */;
}
